{
  "name": "viewmodeljs",
  "version": "0.5.2-alpha1.0.1",
  "lockfileVersion": 2,
  "requires": true,
  "packages": {
    "": {
      "name": "viewmodeljs",
      "version": "0.5.2-alpha1.0.1",
      "license": "MIT",
      "dependencies": {
        "lazy.js": "git://github.com/adrian2x/lazy.js.git#0.5.1"
      }
    },
    "node_modules/lazy.js": {
      "version": "0.5.1",
      "resolved": "git+ssh://git@github.com/adrian2x/lazy.js.git#bae52ae711da94feb88a826759d7fa8d94d3c00d",
      "license": "MIT"
    }
  },
  "dependencies": {
    "lazy.js": {
      "version": "git+ssh://git@github.com/adrian2x/lazy.js.git#bae52ae711da94feb88a826759d7fa8d94d3c00d",
      "from": "lazy.js@git://github.com/adrian2x/lazy.js.git#0.5.1"
    }
  }
}
